
Microsoft Visual Studio Solution File, Format Version 12.00
# Visual Studio 15
VisualStudioVersion = 15.0.27703.2042
MinimumVisualStudioVersion = 10.0.40219.1
Project("{FAE04EC0-301F-11D3-BF4B-00C04F79EFBC}") = "PR1", "ConsoleApp1\PR1.csproj", "{4C84F561-F604-43CC-815A-1CFD10CD253E}"
EndProject
Project("{FAE04EC0-301F-11D3-BF4B-00C04F79EFBC}") = "PR2", "ConsoleApp2\PR2.csproj", "{D366E794-A4EF-4DFA-91A1-42131C1EB16E}"
EndProject
Global
	GlobalSection(SolutionConfigurationPlatforms) = preSolution
		Debug|Any CPU = Debug|Any CPU
		Release|Any CPU = Release|Any CPU
	EndGlobalSection
	GlobalSection(ProjectConfigurationPlatforms) = postSolution
		{4C84F561-F604-43CC-815A-1CFD10CD253E}.Debug|Any CPU.ActiveCfg = Debug|Any CPU
		{4C84F561-F604-43CC-815A-1CFD10CD253E}.Debug|Any CPU.Build.0 = Debug|Any CPU
		{4C84F561-F604-43CC-815A-1CFD10CD253E}.Release|Any CPU.ActiveCfg = Release|Any CPU
		{4C84F561-F604-43CC-815A-1CFD10CD253E}.Release|Any CPU.Build.0 = Release|Any CPU
		{D366E794-A4EF-4DFA-91A1-42131C1EB16E}.Debug|Any CPU.ActiveCfg = Debug|Any CPU
		{D366E794-A4EF-4DFA-91A1-42131C1EB16E}.Debug|Any CPU.Build.0 = Debug|Any CPU
		{D366E794-A4EF-4DFA-91A1-42131C1EB16E}.Release|Any CPU.ActiveCfg = Release|Any CPU
		{D366E794-A4EF-4DFA-91A1-42131C1EB16E}.Release|Any CPU.Build.0 = Release|Any CPU
	EndGlobalSection
	GlobalSection(SolutionProperties) = preSolution
		HideSolutionNode = FALSE
	EndGlobalSection
	GlobalSection(ExtensibilityGlobals) = postSolution
		SolutionGuid = {EB68C75C-A6A2-4DD5-BB47-BC9EC8CB85ED}
	EndGlobalSection
EndGlobal
